
Microsoft Visual Studio Solution File, Format Version 12.00
Project("{FAE04EC0-301F-11D3-BF4B-00C04F79EFBC}") = "PCS", "PCS\PCS.csproj", "{F77EE5DB-DF37-4FD0-AE3A-0F57D0BA6ABC}"
EndProject
Global
	GlobalSection(SolutionConfigurationPlatforms) = preSolution
		Debug|Any CPU = Debug|Any CPU
		Release|Any CPU = Release|Any CPU
	EndGlobalSection
	GlobalSection(ProjectConfigurationPlatforms) = postSolution
		{F77EE5DB-DF37-4FD0-AE3A-0F57D0BA6ABC}.Debug|Any CPU.ActiveCfg = Debug|Any CPU
		{F77EE5DB-DF37-4FD0-AE3A-0F57D0BA6ABC}.Debug|Any CPU.Build.0 = Debug|Any CPU
		{F77EE5DB-DF37-4FD0-AE3A-0F57D0BA6ABC}.Release|Any CPU.ActiveCfg = Release|Any CPU
		{F77EE5DB-DF37-4FD0-AE3A-0F57D0BA6ABC}.Release|Any CPU.Build.0 = Release|Any CPU
	EndGlobalSection
EndGlobal
